
Microsoft Visual Studio Solution File, Format Version 12.00
# Visual Studio Version 16
VisualStudioVersion = 16.0.31515.178
MinimumVisualStudioVersion = 10.0.40219.1
Project("{FAE04EC0-301F-11D3-BF4B-00C04F79EFBC}") = "SightlyTestProject", "SightlyTestProject\SightlyTestProject.csproj", "{7F5B0600-0A36-40F7-B834-8846B344A15A}"
EndProject
Global
	GlobalSection(SolutionConfigurationPlatforms) = preSolution
		Debug|Any CPU = Debug|Any CPU
		Release|Any CPU = Release|Any CPU
	EndGlobalSection
	GlobalSection(ProjectConfigurationPlatforms) = postSolution
		{7F5B0600-0A36-40F7-B834-8846B344A15A}.Debug|Any CPU.ActiveCfg = Debug|Any CPU
		{7F5B0600-0A36-40F7-B834-8846B344A15A}.Debug|Any CPU.Build.0 = Debug|Any CPU
		{7F5B0600-0A36-40F7-B834-8846B344A15A}.Release|Any CPU.ActiveCfg = Release|Any CPU
		{7F5B0600-0A36-40F7-B834-8846B344A15A}.Release|Any CPU.Build.0 = Release|Any CPU
	EndGlobalSection
	GlobalSection(SolutionProperties) = preSolution
		HideSolutionNode = FALSE
	EndGlobalSection
	GlobalSection(ExtensibilityGlobals) = postSolution
		SolutionGuid = {182527A9-768F-4F70-AF98-9CE8C03C8BEF}
	EndGlobalSection
EndGlobal
